// !$*UTF8*$!
{
	archiveVersion = 1;
	classes = {
	};
	objectVersion = 50;
	objects = {

/* Begin PBXBuildFile section */
		B30BDF4C22C7D67600D32BC0 /* AppDelegate.swift in Sources */ = {isa = PBXBuildFile; fileRef = B30BDF4B22C7D67600D32BC0 /* AppDelegate.swift */; };
		B30BDF4E22C7D67600D32BC0 /* SceneDelegate.swift in Sources */ = {isa = PBXBuildFile; fileRef = B30BDF4D22C7D67600D32BC0 /* SceneDelegate.swift */; };
		B30BDF5322C7D67600D32BC0 /* Main.storyboard in Resources */ = {isa = PBXBuildFile; fileRef = B30BDF5122C7D67600D32BC0 /* Main.storyboard */; };
		B30BDF5522C7D67700D32BC0 /* Assets.xcassets in Resources */ = {isa = PBXBuildFile; fileRef = B30BDF5422C7D67700D32BC0 /* Assets.xcassets */; };
		B30BDF5822C7D67700D32BC0 /* LaunchScreen.storyboard in Resources */ = {isa = PBXBuildFile; fileRef = B30BDF5622C7D67700D32BC0 /* LaunchScreen.storyboard */; };
		B30BDF6322C7D67800D32BC0 /* IslandGuideTests.swift in Sources */ = {isa = PBXBuildFile; fileRef = B30BDF6222C7D67800D32BC0 /* IslandGuideTests.swift */; };
		B30BDF7022C7D73800D32BC0 /* DataModels.swift in Sources */ = {isa = PBXBuildFile; fileRef = B30BDF6F22C7D73800D32BC0 /* DataModels.swift */; };
		B30BDF7622C7D82600D32BC0 /* CoolSpotCollectionViewCell.swift in Sources */ = {isa = PBXBuildFile; fileRef = B30BDF7422C7D82600D32BC0 /* CoolSpotCollectionViewCell.swift */; };
		B30BDF7D22C7DEAE00D32BC0 /* AppData.swift in Sources */ = {isa = PBXBuildFile; fileRef = B30BDF7C22C7DEAE00D32BC0 /* AppData.swift */; };
		B30BDF7F22C7E18800D32BC0 /* ReuseIdentifierHelper.swift in Sources */ = {isa = PBXBuildFile; fileRef = B30BDF7E22C7E18800D32BC0 /* ReuseIdentifierHelper.swift */; };
		B30BDF8122C7F4CE00D32BC0 /* FunActivityCollectionViewCell.swift in Sources */ = {isa = PBXBuildFile; fileRef = B30BDF8022C7F4CE00D32BC0 /* FunActivityCollectionViewCell.swift */; };
		B30BDF8322C7F53B00D32BC0 /* CuteSealCollectionViewCell.swift in Sources */ = {isa = PBXBuildFile; fileRef = B30BDF8222C7F53B00D32BC0 /* CuteSealCollectionViewCell.swift */; };
		B30BDF8522C7FD2900D32BC0 /* GuideViewController.swift in Sources */ = {isa = PBXBuildFile; fileRef = B30BDF8422C7FD2900D32BC0 /* GuideViewController.swift */; };
		B32B20C622CCD3620093EBF7 /* SupplementaryViews.swift in Sources */ = {isa = PBXBuildFile; fileRef = B32B20C522CCD3620093EBF7 /* SupplementaryViews.swift */; };
/* End PBXBuildFile section */

/* Begin PBXContainerItemProxy section */
		B30BDF5F22C7D67800D32BC0 /* PBXContainerItemProxy */ = {
			isa = PBXContainerItemProxy;
			containerPortal = B30BDF4022C7D67600D32BC0 /* Project object */;
			proxyType = 1;
			remoteGlobalIDString = B30BDF4722C7D67600D32BC0;
			remoteInfo = IslandGuide;
		};
/* End PBXContainerItemProxy section */

/* Begin PBXFileReference section */
		B30BDF4822C7D67600D32BC0 /* IslandGuide.app */ = {isa = PBXFileReference; explicitFileType = wrapper.application; includeInIndex = 0; path = IslandGuide.app; sourceTree = BUILT_PRODUCTS_DIR; };
		B30BDF4B22C7D67600D32BC0 /* AppDelegate.swift */ = {isa = PBXFileReference; lastKnownFileType = sourcecode.swift; path = AppDelegate.swift; sourceTree = "<group>"; };
		B30BDF4D22C7D67600D32BC0 /* SceneDelegate.swift */ = {isa = PBXFileReference; lastKnownFileType = sourcecode.swift; path = SceneDelegate.swift; sourceTree = "<group>"; };
		B30BDF5222C7D67600D32BC0 /* Base */ = {isa = PBXFileReference; lastKnownFileType = file.storyboard; name = Base; path = Base.lproj/Main.storyboard; sourceTree = "<group>"; };
		B30BDF5422C7D67700D32BC0 /* Assets.xcassets */ = {isa = PBXFileReference; lastKnownFileType = folder.assetcatalog; path = Assets.xcassets; sourceTree = "<group>"; };
		B30BDF5722C7D67700D32BC0 /* Base */ = {isa = PBXFileReference; lastKnownFileType = file.storyboard; name = Base; path = Base.lproj/LaunchScreen.storyboard; sourceTree = "<group>"; };
		B30BDF5922C7D67700D32BC0 /* Info.plist */ = {isa = PBXFileReference; lastKnownFileType = text.plist.xml; path = Info.plist; sourceTree = "<group>"; };
		B30BDF5E22C7D67800D32BC0 /* IslandGuideTests.xctest */ = {isa = PBXFileReference; explicitFileType = wrapper.cfbundle; includeInIndex = 0; path = IslandGuideTests.xctest; sourceTree = BUILT_PRODUCTS_DIR; };
		B30BDF6222C7D67800D32BC0 /* IslandGuideTests.swift */ = {isa = PBXFileReference; lastKnownFileType = sourcecode.swift; path = IslandGuideTests.swift; sourceTree = "<group>"; };
		B30BDF6422C7D67800D32BC0 /* Info.plist */ = {isa = PBXFileReference; lastKnownFileType = text.plist.xml; path = Info.plist; sourceTree = "<group>"; };
		B30BDF6D22C7D69800D32BC0 /* README.md */ = {isa = PBXFileReference; lastKnownFileType = net.daringfireball.markdown; path = README.md; sourceTree = "<group>"; };
		B30BDF6F22C7D73800D32BC0 /* DataModels.swift */ = {isa = PBXFileReference; lastKnownFileType = sourcecode.swift; path = DataModels.swift; sourceTree = "<group>"; };
		B30BDF7422C7D82600D32BC0 /* CoolSpotCollectionViewCell.swift */ = {isa = PBXFileReference; lastKnownFileType = sourcecode.swift; path = CoolSpotCollectionViewCell.swift; sourceTree = "<group>"; };
		B30BDF7C22C7DEAE00D32BC0 /* AppData.swift */ = {isa = PBXFileReference; lastKnownFileType = sourcecode.swift; path = AppData.swift; sourceTree = "<group>"; };
		B30BDF7E22C7E18800D32BC0 /* ReuseIdentifierHelper.swift */ = {isa = PBXFileReference; lastKnownFileType = sourcecode.swift; path = ReuseIdentifierHelper.swift; sourceTree = "<group>"; };
		B30BDF8022C7F4CE00D32BC0 /* FunActivityCollectionViewCell.swift */ = {isa = PBXFileReference; lastKnownFileType = sourcecode.swift; path = FunActivityCollectionViewCell.swift; sourceTree = "<group>"; };
		B30BDF8222C7F53B00D32BC0 /* CuteSealCollectionViewCell.swift */ = {isa = PBXFileReference; fileEncoding = 4; lastKnownFileType = sourcecode.swift; path = CuteSealCollectionViewCell.swift; sourceTree = "<group>"; };
		B30BDF8422C7FD2900D32BC0 /* GuideViewController.swift */ = {isa = PBXFileReference; fileEncoding = 4; lastKnownFileType = sourcecode.swift; path = GuideViewController.swift; sourceTree = "<group>"; };
		B32B20C522CCD3620093EBF7 /* SupplementaryViews.swift */ = {isa = PBXFileReference; lastKnownFileType = sourcecode.swift; path = SupplementaryViews.swift; sourceTree = "<group>"; };
/* End PBXFileReference section */

/* Begin PBXFrameworksBuildPhase section */
		B30BDF4522C7D67600D32BC0 /* Frameworks */ = {
			isa = PBXFrameworksBuildPhase;
			buildActionMask = 2147483647;
			files = (
			);
			runOnlyForDeploymentPostprocessing = 0;
		};
		B30BDF5B22C7D67800D32BC0 /* Frameworks */ = {
			isa = PBXFrameworksBuildPhase;
			buildActionMask = 2147483647;
			files = (
			);
			runOnlyForDeploymentPostprocessing = 0;
		};
/* End PBXFrameworksBuildPhase section */

/* Begin PBXGroup section */
		B30BDF3F22C7D67600D32BC0 = {
			isa = PBXGroup;
			children = (
				B30BDF6D22C7D69800D32BC0 /* README.md */,
				B30BDF4A22C7D67600D32BC0 /* IslandGuide */,
				B30BDF6122C7D67800D32BC0 /* IslandGuideTests */,
				B30BDF4922C7D67600D32BC0 /* Products */,
			);
			sourceTree = "<group>";
		};
		B30BDF4922C7D67600D32BC0 /* Products */ = {
			isa = PBXGroup;
			children = (
				B30BDF4822C7D67600D32BC0 /* IslandGuide.app */,
				B30BDF5E22C7D67800D32BC0 /* IslandGuideTests.xctest */,
			);
			name = Products;
			sourceTree = "<group>";
		};
		B30BDF4A22C7D67600D32BC0 /* IslandGuide */ = {
			isa = PBXGroup;
			children = (
				B30BDF6E22C7D6F600D32BC0 /* Implementation */,
				B30BDF4B22C7D67600D32BC0 /* AppDelegate.swift */,
				B30BDF4D22C7D67600D32BC0 /* SceneDelegate.swift */,
				B30BDF5122C7D67600D32BC0 /* Main.storyboard */,
				B30BDF5422C7D67700D32BC0 /* Assets.xcassets */,
				B30BDF5622C7D67700D32BC0 /* LaunchScreen.storyboard */,
				B30BDF5922C7D67700D32BC0 /* Info.plist */,
			);
			path = IslandGuide;
			sourceTree = "<group>";
		};
		B30BDF6122C7D67800D32BC0 /* IslandGuideTests */ = {
			isa = PBXGroup;
			children = (
				B30BDF6222C7D67800D32BC0 /* IslandGuideTests.swift */,
				B30BDF6422C7D67800D32BC0 /* Info.plist */,
			);
			path = IslandGuideTests;
			sourceTree = "<group>";
		};
		B30BDF6E22C7D6F600D32BC0 /* Implementation */ = {
			isa = PBXGroup;
			children = (
				B30BDF7122C7D7DA00D32BC0 /* Data */,
				B30BDF7322C7D7F000D32BC0 /* Cells */,
				B30BDF7222C7D7E100D32BC0 /* ViewControllers */,
			);
			path = Implementation;
			sourceTree = "<group>";
		};
		B30BDF7122C7D7DA00D32BC0 /* Data */ = {
			isa = PBXGroup;
			children = (
				B30BDF6F22C7D73800D32BC0 /* DataModels.swift */,
				B30BDF7C22C7DEAE00D32BC0 /* AppData.swift */,
			);
			path = Data;
			sourceTree = "<group>";
		};
		B30BDF7222C7D7E100D32BC0 /* ViewControllers */ = {
			isa = PBXGroup;
			children = (
				B30BDF8422C7FD2900D32BC0 /* GuideViewController.swift */,
			);
			path = ViewControllers;
			sourceTree = "<group>";
		};
		B30BDF7322C7D7F000D32BC0 /* Cells */ = {
			isa = PBXGroup;
			children = (
				B32B20C722CCE0F00093EBF7 /* Helper */,
				B30BDF7422C7D82600D32BC0 /* CoolSpotCollectionViewCell.swift */,
				B30BDF8222C7F53B00D32BC0 /* CuteSealCollectionViewCell.swift */,
				B30BDF8022C7F4CE00D32BC0 /* FunActivityCollectionViewCell.swift */,
				B32B20C522CCD3620093EBF7 /* SupplementaryViews.swift */,
			);
			path = Cells;
			sourceTree = "<group>";
		};
		B32B20C722CCE0F00093EBF7 /* Helper */ = {
			isa = PBXGroup;
			children = (
				B30BDF7E22C7E18800D32BC0 /* ReuseIdentifierHelper.swift */,
			);
			path = Helper;
			sourceTree = "<group>";
		};
/* End PBXGroup section */

/* Begin PBXNativeTarget section */
		B30BDF4722C7D67600D32BC0 /* IslandGuide */ = {
			isa = PBXNativeTarget;
			buildConfigurationList = B30BDF6722C7D67800D32BC0 /* Build configuration list for PBXNativeTarget "IslandGuide" */;
			buildPhases = (
				B30BDF4422C7D67600D32BC0 /* Sources */,
				B30BDF4522C7D67600D32BC0 /* Frameworks */,
				B30BDF4622C7D67600D32BC0 /* Resources */,
			);
			buildRules = (
			);
			dependencies = (
			);
			name = IslandGuide;
			productName = IslandGuide;
			productReference = B30BDF4822C7D67600D32BC0 /* IslandGuide.app */;
			productType = "com.apple.product-type.application";
		};
		B30BDF5D22C7D67800D32BC0 /* IslandGuideTests */ = {
			isa = PBXNativeTarget;
			buildConfigurationList = B30BDF6A22C7D67800D32BC0 /* Build configuration list for PBXNativeTarget "IslandGuideTests" */;
			buildPhases = (
				B30BDF5A22C7D67800D32BC0 /* Sources */,
				B30BDF5B22C7D67800D32BC0 /* Frameworks */,
				B30BDF5C22C7D67800D32BC0 /* Resources */,
			);
			buildRules = (
			);
			dependencies = (
				B30BDF6022C7D67800D32BC0 /* PBXTargetDependency */,
			);
			name = IslandGuideTests;
			productName = IslandGuideTests;
			productReference = B30BDF5E22C7D67800D32BC0 /* IslandGuideTests.xctest */;
			productType = "com.apple.product-type.bundle.unit-test";
		};
/* End PBXNativeTarget section */

/* Begin PBXProject section */
		B30BDF4022C7D67600D32BC0 /* Project object */ = {
			isa = PBXProject;
			attributes = {
				LastSwiftUpdateCheck = 1100;
				LastUpgradeCheck = 1100;
				ORGANIZATIONNAME = SwiftIsland;
				TargetAttributes = {
					B30BDF4722C7D67600D32BC0 = {
						CreatedOnToolsVersion = 11.0;
					};
					B30BDF5D22C7D67800D32BC0 = {
						CreatedOnToolsVersion = 11.0;
						TestTargetID = B30BDF4722C7D67600D32BC0;
					};
				};
			};
			buildConfigurationList = B30BDF4322C7D67600D32BC0 /* Build configuration list for PBXProject "IslandGuide" */;
			compatibilityVersion = "Xcode 9.3";
			developmentRegion = en;
			hasScannedForEncodings = 0;
			knownRegions = (
				en,
				Base,
			);
			mainGroup = B30BDF3F22C7D67600D32BC0;
			productRefGroup = B30BDF4922C7D67600D32BC0 /* Products */;
			projectDirPath = "";
			projectRoot = "";
			targets = (
				B30BDF4722C7D67600D32BC0 /* IslandGuide */,
				B30BDF5D22C7D67800D32BC0 /* IslandGuideTests */,
			);
		};
/* End PBXProject section */

/* Begin PBXResourcesBuildPhase section */
		B30BDF4622C7D67600D32BC0 /* Resources */ = {
			isa = PBXResourcesBuildPhase;
			buildActionMask = 2147483647;
			files = (
				B30BDF5822C7D67700D32BC0 /* LaunchScreen.storyboard in Resources */,
				B30BDF5522C7D67700D32BC0 /* Assets.xcassets in Resources */,
				B30BDF5322C7D67600D32BC0 /* Main.storyboard in Resources */,
			);
			runOnlyForDeploymentPostprocessing = 0;
		};
		B30BDF5C22C7D67800D32BC0 /* Resources */ = {
			isa = PBXResourcesBuildPhase;
			buildActionMask = 2147483647;
			files = (
			);
			runOnlyForDeploymentPostprocessing = 0;
		};
/* End PBXResourcesBuildPhase section */

/* Begin PBXSourcesBuildPhase section */
		B30BDF4422C7D67600D32BC0 /* Sources */ = {
			isa = PBXSourcesBuildPhase;
			buildActionMask = 2147483647;
			files = (
				B30BDF8522C7FD2900D32BC0 /* GuideViewController.swift in Sources */,
				B30BDF7D22C7DEAE00D32BC0 /* AppData.swift in Sources */,
				B30BDF7022C7D73800D32BC0 /* DataModels.swift in Sources */,
				B30BDF8322C7F53B00D32BC0 /* CuteSealCollectionViewCell.swift in Sources */,
				B30BDF4C22C7D67600D32BC0 /* AppDelegate.swift in Sources */,
				B30BDF4E22C7D67600D32BC0 /* SceneDelegate.swift in Sources */,
				B30BDF7F22C7E18800D32BC0 /* ReuseIdentifierHelper.swift in Sources */,
				B32B20C622CCD3620093EBF7 /* SupplementaryViews.swift in Sources */,
				B30BDF8122C7F4CE00D32BC0 /* FunActivityCollectionViewCell.swift in Sources */,
				B30BDF7622C7D82600D32BC0 /* CoolSpotCollectionViewCell.swift in Sources */,
			);
			runOnlyForDeploymentPostprocessing = 0;
		};
		B30BDF5A22C7D67800D32BC0 /* Sources */ = {
			isa = PBXSourcesBuildPhase;
			buildActionMask = 2147483647;
			files = (
				B30BDF6322C7D67800D32BC0 /* IslandGuideTests.swift in Sources */,
			);
			runOnlyForDeploymentPostprocessing = 0;
		};
/* End PBXSourcesBuildPhase section */

/* Begin PBXTargetDependency section */
		B30BDF6022C7D67800D32BC0 /* PBXTargetDependency */ = {
			isa = PBXTargetDependency;
			target = B30BDF4722C7D67600D32BC0 /* IslandGuide */;
			targetProxy = B30BDF5F22C7D67800D32BC0 /* PBXContainerItemProxy */;
		};
/* End PBXTargetDependency section */

/* Begin PBXVariantGroup section */
		B30BDF5122C7D67600D32BC0 /* Main.storyboard */ = {
			isa = PBXVariantGroup;
			children = (
				B30BDF5222C7D67600D32BC0 /* Base */,
			);
			name = Main.storyboard;
			sourceTree = "<group>";
		};
		B30BDF5622C7D67700D32BC0 /* LaunchScreen.storyboard */ = {
			isa = PBXVariantGroup;
			children = (
				B30BDF5722C7D67700D32BC0 /* Base */,
			);
			name = LaunchScreen.storyboard;
			sourceTree = "<group>";
		};
/* End PBXVariantGroup section */

/* Begin XCBuildConfiguration section */
		B30BDF6522C7D67800D32BC0 /* Debug */ = {
			isa = XCBuildConfiguration;
			buildSettings = {
				ALWAYS_SEARCH_USER_PATHS = NO;
				CLANG_ANALYZER_NONNULL = YES;
				CLANG_ANALYZER_NUMBER_OBJECT_CONVERSION = YES_AGGRESSIVE;
				CLANG_CXX_LANGUAGE_STANDARD = "gnu++14";
				CLANG_CXX_LIBRARY = "libc++";
				CLANG_ENABLE_MODULES = YES;
				CLANG_ENABLE_OBJC_ARC = YES;
				CLANG_ENABLE_OBJC_WEAK = YES;
				CLANG_WARN_BLOCK_CAPTURE_AUTORELEASING = YES;
				CLANG_WARN_BOOL_CONVERSION = YES;
				CLANG_WARN_COMMA = YES;
				CLANG_WARN_CONSTANT_CONVERSION = YES;
				CLANG_WARN_DEPRECATED_OBJC_IMPLEMENTATIONS = YES;
				CLANG_WARN_DIRECT_OBJC_ISA_USAGE = YES_ERROR;
				CLANG_WARN_DOCUMENTATION_COMMENTS = YES;
				CLANG_WARN_EMPTY_BODY = YES;
				CLANG_WARN_ENUM_CONVERSION = YES;
				CLANG_WARN_INFINITE_RECURSION = YES;
				CLANG_WARN_INT_CONVERSION = YES;
				CLANG_WARN_NON_LITERAL_NULL_CONVERSION = YES;
				CLANG_WARN_OBJC_IMPLICIT_RETAIN_SELF = YES;
				CLANG_WARN_OBJC_LITERAL_CONVERSION = YES;
				CLANG_WARN_OBJC_ROOT_CLASS = YES_ERROR;
				CLANG_WARN_RANGE_LOOP_ANALYSIS = YES;
				CLANG_WARN_STRICT_PROTOTYPES = YES;
				CLANG_WARN_SUSPICIOUS_MOVE = YES;
				CLANG_WARN_UNGUARDED_AVAILABILITY = YES_AGGRESSIVE;
				CLANG_WARN_UNREACHABLE_CODE = YES;
				CLANG_WARN__DUPLICATE_METHOD_MATCH = YES;
				COPY_PHASE_STRIP = NO;
				DEBUG_INFORMATION_FORMAT = dwarf;
				ENABLE_STRICT_OBJC_MSGSEND = YES;
				ENABLE_TESTABILITY = YES;
				GCC_C_LANGUAGE_STANDARD = gnu11;
				GCC_DYNAMIC_NO_PIC = NO;
				GCC_NO_COMMON_BLOCKS = YES;
				GCC_OPTIMIZATION_LEVEL = 0;
				GCC_PREPROCESSOR_DEFINITIONS = (
					"DEBUG=1",
					"$(inherited)",
				);
				GCC_WARN_64_TO_32_BIT_CONVERSION = YES;
				GCC_WARN_ABOUT_RETURN_TYPE = YES_ERROR;
				GCC_WARN_UNDECLARED_SELECTOR = YES;
				GCC_WARN_UNINITIALIZED_AUTOS = YES_AGGRESSIVE;
				GCC_WARN_UNUSED_FUNCTION = YES;
				GCC_WARN_UNUSED_VARIABLE = YES;
				IPHONEOS_DEPLOYMENT_TARGET = 13.0;
				MTL_ENABLE_DEBUG_INFO = INCLUDE_SOURCE;
				MTL_FAST_MATH = YES;
				ONLY_ACTIVE_ARCH = YES;
				SDKROOT = iphoneos;
				SWIFT_ACTIVE_COMPILATION_CONDITIONS = DEBUG;
				SWIFT_OPTIMIZATION_LEVEL = "-Onone";
			};
			name = Debug;
		};
		B30BDF6622C7D67800D32BC0 /* Release */ = {
			isa = XCBuildConfiguration;
			buildSettings = {
				ALWAYS_SEARCH_USER_PATHS = NO;
				CLANG_ANALYZER_NONNULL = YES;
				CLANG_ANALYZER_NUMBER_OBJECT_CONVERSION = YES_AGGRESSIVE;
				CLANG_CXX_LANGUAGE_STANDARD = "gnu++14";
				CLANG_CXX_LIBRARY = "libc++";
				CLANG_ENABLE_MODULES = YES;
				CLANG_ENABLE_OBJC_ARC = YES;
				CLANG_ENABLE_OBJC_WEAK = YES;
				CLANG_WARN_BLOCK_CAPTURE_AUTORELEASING = YES;
				CLANG_WARN_BOOL_CONVERSION = YES;
				CLANG_WARN_COMMA = YES;
				CLANG_WARN_CONSTANT_CONVERSION = YES;
				CLANG_WARN_DEPRECATED_OBJC_IMPLEMENTATIONS = YES;
				CLANG_WARN_DIRECT_OBJC_ISA_USAGE = YES_ERROR;
				CLANG_WARN_DOCUMENTATION_COMMENTS = YES;
				CLANG_WARN_EMPTY_BODY = YES;
				CLANG_WARN_ENUM_CONVERSION = YES;
				CLANG_WARN_INFINITE_RECURSION = YES;
				CLANG_WARN_INT_CONVERSION = YES;
				CLANG_WARN_NON_LITERAL_NULL_CONVERSION = YES;
				CLANG_WARN_OBJC_IMPLICIT_RETAIN_SELF = YES;
				CLANG_WARN_OBJC_LITERAL_CONVERSION = YES;
				CLANG_WARN_OBJC_ROOT_CLASS = YES_ERROR;
				CLANG_WARN_RANGE_LOOP_ANALYSIS = YES;
				CLANG_WARN_STRICT_PROTOTYPES = YES;
				CLANG_WARN_SUSPICIOUS_MOVE = YES;
				CLANG_WARN_UNGUARDED_AVAILABILITY = YES_AGGRESSIVE;
				CLANG_WARN_UNREACHABLE_CODE = YES;
				CLANG_WARN__DUPLICATE_METHOD_MATCH = YES;
				COPY_PHASE_STRIP = NO;
				DEBUG_INFORMATION_FORMAT = "dwarf-with-dsym";
				ENABLE_NS_ASSERTIONS = NO;
				ENABLE_STRICT_OBJC_MSGSEND = YES;
				GCC_C_LANGUAGE_STANDARD = gnu11;
				GCC_NO_COMMON_BLOCKS = YES;
				GCC_WARN_64_TO_32_BIT_CONVERSION = YES;
				GCC_WARN_ABOUT_RETURN_TYPE = YES_ERROR;
				GCC_WARN_UNDECLARED_SELECTOR = YES;
				GCC_WARN_UNINITIALIZED_AUTOS = YES_AGGRESSIVE;
				GCC_WARN_UNUSED_FUNCTION = YES;
				GCC_WARN_UNUSED_VARIABLE = YES;
				IPHONEOS_DEPLOYMENT_TARGET = 13.0;
				MTL_ENABLE_DEBUG_INFO = NO;
				MTL_FAST_MATH = YES;
				SDKROOT = iphoneos;
				SWIFT_COMPILATION_MODE = wholemodule;
				SWIFT_OPTIMIZATION_LEVEL = "-O";
				VALIDATE_PRODUCT = YES;
			};
			name = Release;
		};
		B30BDF6822C7D67800D32BC0 /* Debug */ = {
			isa = XCBuildConfiguration;
			buildSettings = {
				ASSETCATALOG_COMPILER_APPICON_NAME = AppIcon;
				CODE_SIGN_STYLE = Automatic;
				INFOPLIST_FILE = IslandGuide/Info.plist;
				LD_RUNPATH_SEARCH_PATHS = (
					"$(inherited)",
					"@executable_path/Frameworks",
				);
				PRODUCT_BUNDLE_IDENTIFIER = com.swiftisland.IslandGuide;
				PRODUCT_NAME = "$(TARGET_NAME)";
				SWIFT_VERSION = 5.0;
				TARGETED_DEVICE_FAMILY = "1,2";
			};
			name = Debug;
		};
		B30BDF6922C7D67800D32BC0 /* Release */ = {
			isa = XCBuildConfiguration;
			buildSettings = {
				ASSETCATALOG_COMPILER_APPICON_NAME = AppIcon;
				CODE_SIGN_STYLE = Automatic;
				INFOPLIST_FILE = IslandGuide/Info.plist;
				LD_RUNPATH_SEARCH_PATHS = (
					"$(inherited)",
					"@executable_path/Frameworks",
				);
				PRODUCT_BUNDLE_IDENTIFIER = com.swiftisland.IslandGuide;
				PRODUCT_NAME = "$(TARGET_NAME)";
				SWIFT_VERSION = 5.0;
				TARGETED_DEVICE_FAMILY = "1,2";
			};
			name = Release;
		};
		B30BDF6B22C7D67800D32BC0 /* Debug */ = {
			isa = XCBuildConfiguration;
			buildSettings = {
				ALWAYS_EMBED_SWIFT_STANDARD_LIBRARIES = YES;
				BUNDLE_LOADER = "$(TEST_HOST)";
				CODE_SIGN_STYLE = Automatic;
				INFOPLIST_FILE = IslandGuideTests/Info.plist;
				LD_RUNPATH_SEARCH_PATHS = (
					"$(inherited)",
					"@executable_path/Frameworks",
					"@loader_path/Frameworks",
				);
				PRODUCT_BUNDLE_IDENTIFIER = com.swiftisland.IslandGuideTests;
				PRODUCT_NAME = "$(TARGET_NAME)";
				SWIFT_VERSION = 5.0;
				TARGETED_DEVICE_FAMILY = "1,2";
				TEST_HOST = "$(BUILT_PRODUCTS_DIR)/IslandGuide.app/IslandGuide";
			};
			name = Debug;
		};
		B30BDF6C22C7D67800D32BC0 /* Release */ = {
			isa = XCBuildConfiguration;
			buildSettings = {
				ALWAYS_EMBED_SWIFT_STANDARD_LIBRARIES = YES;
				BUNDLE_LOADER = "$(TEST_HOST)";
				CODE_SIGN_STYLE = Automatic;
				INFOPLIST_FILE = IslandGuideTests/Info.plist;
				LD_RUNPATH_SEARCH_PATHS = (
					"$(inherited)",
					"@executable_path/Frameworks",
					"@loader_path/Frameworks",
				);
				PRODUCT_BUNDLE_IDENTIFIER = com.swiftisland.IslandGuideTests;
				PRODUCT_NAME = "$(TARGET_NAME)";
				SWIFT_VERSION = 5.0;
				TARGETED_DEVICE_FAMILY = "1,2";
				TEST_HOST = "$(BUILT_PRODUCTS_DIR)/IslandGuide.app/IslandGuide";
			};
			name = Release;
		};
/* End XCBuildConfiguration section */

/* Begin XCConfigurationList section */
		B30BDF4322C7D67600D32BC0 /* Build configuration list for PBXProject "IslandGuide" */ = {
			isa = XCConfigurationList;
			buildConfigurations = (
				B30BDF6522C7D67800D32BC0 /* Debug */,
				B30BDF6622C7D67800D32BC0 /* Release */,
			);
			defaultConfigurationIsVisible = 0;
			defaultConfigurationName = Release;
		};
		B30BDF6722C7D67800D32BC0 /* Build configuration list for PBXNativeTarget "IslandGuide" */ = {
			isa = XCConfigurationList;
			buildConfigurations = (
				B30BDF6822C7D67800D32BC0 /* Debug */,
				B30BDF6922C7D67800D32BC0 /* Release */,
			);
			defaultConfigurationIsVisible = 0;
			defaultConfigurationName = Release;
		};
		B30BDF6A22C7D67800D32BC0 /* Build configuration list for PBXNativeTarget "IslandGuideTests" */ = {
			isa = XCConfigurationList;
			buildConfigurations = (
				B30BDF6B22C7D67800D32BC0 /* Debug */,
				B30BDF6C22C7D67800D32BC0 /* Release */,
			);
			defaultConfigurationIsVisible = 0;
			defaultConfigurationName = Release;
		};
/* End XCConfigurationList section */
	};
	rootObject = B30BDF4022C7D67600D32BC0 /* Project object */;
}
